// !$*UTF8*$!
{
	archiveVersion = 1;
	classes = {
	};
	objectVersion = 77;
	objects = {

/* Begin PBXBuildFile section */
		BB00020000000000000000AA /* Models.swift in Sources */ = {isa = PBXBuildFile; fileRef = BB00010000000000000000AA /* Models.swift */; };
		BB00020100000000000000AA /* IndicatorApp.swift in Sources */ = {isa = PBXBuildFile; fileRef = BB00010100000000000000AA /* IndicatorApp.swift */; };
		BB00020200000000000000AA /* AppDelegate.swift in Sources */ = {isa = PBXBuildFile; fileRef = BB00010200000000000000AA /* AppDelegate.swift */; };
		BB00020300000000000000AA /* MTCReceiver.swift in Sources */ = {isa = PBXBuildFile; fileRef = BB00010300000000000000AA /* MTCReceiver.swift */; };
		BB00020400000000000000AA /* LogicPoller.swift in Sources */ = {isa = PBXBuildFile; fileRef = BB00010400000000000000AA /* LogicPoller.swift */; };
		BB00020500000000000000AA /* StateEngine.swift in Sources */ = {isa = PBXBuildFile; fileRef = BB00010500000000000000AA /* StateEngine.swift */; };
		BB00020600000000000000AA /* WebServer.swift in Sources */ = {isa = PBXBuildFile; fileRef = BB00010600000000000000AA /* WebServer.swift */; };
		BB00020700000000000000AA /* SSEBroadcaster.swift in Sources */ = {isa = PBXBuildFile; fileRef = BB00010700000000000000AA /* SSEBroadcaster.swift */; };
		BB00020800000000000000AA /* SettingsView.swift in Sources */ = {isa = PBXBuildFile; fileRef = BB00010800000000000000AA /* SettingsView.swift */; };
		BB00020A00000000000000AA /* Assets.xcassets in Resources */ = {isa = PBXBuildFile; fileRef = BB00010A00000000000000AA /* Assets.xcassets */; };
		BB00020B00000000000000AA /* index.html in Resources */ = {isa = PBXBuildFile; fileRef = BB00010B00000000000000AA /* index.html */; };
		BB00020C00000000000000AA /* singer.html in Resources */ = {isa = PBXBuildFile; fileRef = BB00010C00000000000000AA /* singer.html */; };
		F808FA292FEDAB0700C36F76 /* LyricsStore.swift in Sources */ = {isa = PBXBuildFile; fileRef = F808FA282FEDAB0700C36F76 /* LyricsStore.swift */; };
/* End PBXBuildFile section */

/* Begin PBXFileReference section */
		BB00001200000000000000AA /* Indicator.app */ = {isa = PBXFileReference; explicitFileType = wrapper.application; includeInIndex = 0; path = Indicator.app; sourceTree = BUILT_PRODUCTS_DIR; };
		BB00010000000000000000AA /* Models.swift */ = {isa = PBXFileReference; lastKnownFileType = sourcecode.swift; path = Models.swift; sourceTree = "<group>"; };
		BB00010100000000000000AA /* IndicatorApp.swift */ = {isa = PBXFileReference; lastKnownFileType = sourcecode.swift; path = IndicatorApp.swift; sourceTree = "<group>"; };
		BB00010200000000000000AA /* AppDelegate.swift */ = {isa = PBXFileReference; lastKnownFileType = sourcecode.swift; path = AppDelegate.swift; sourceTree = "<group>"; };
		BB00010300000000000000AA /* MTCReceiver.swift */ = {isa = PBXFileReference; lastKnownFileType = sourcecode.swift; path = MTCReceiver.swift; sourceTree = "<group>"; };
		BB00010400000000000000AA /* LogicPoller.swift */ = {isa = PBXFileReference; lastKnownFileType = sourcecode.swift; path = LogicPoller.swift; sourceTree = "<group>"; };
		BB00010500000000000000AA /* StateEngine.swift */ = {isa = PBXFileReference; lastKnownFileType = sourcecode.swift; path = StateEngine.swift; sourceTree = "<group>"; };
		BB00010600000000000000AA /* WebServer.swift */ = {isa = PBXFileReference; lastKnownFileType = sourcecode.swift; path = WebServer.swift; sourceTree = "<group>"; };
		BB00010700000000000000AA /* SSEBroadcaster.swift */ = {isa = PBXFileReference; lastKnownFileType = sourcecode.swift; path = SSEBroadcaster.swift; sourceTree = "<group>"; };
		BB00010800000000000000AA /* SettingsView.swift */ = {isa = PBXFileReference; lastKnownFileType = sourcecode.swift; path = SettingsView.swift; sourceTree = "<group>"; };
		BB00010A00000000000000AA /* Assets.xcassets */ = {isa = PBXFileReference; lastKnownFileType = folder.assetcatalog; path = Assets.xcassets; sourceTree = "<group>"; };
		BB00010B00000000000000AA /* index.html */ = {isa = PBXFileReference; lastKnownFileType = text.html; path = index.html; sourceTree = "<group>"; };
		BB00010C00000000000000AA /* singer.html */ = {isa = PBXFileReference; lastKnownFileType = text.html; path = singer.html; sourceTree = "<group>"; };
		F808FA282FEDAB0700C36F76 /* LyricsStore.swift */ = {isa = PBXFileReference; lastKnownFileType = sourcecode.swift; path = LyricsStore.swift; sourceTree = "<group>"; };
/* End PBXFileReference section */

/* Begin PBXFrameworksBuildPhase section */
		BB00002100000000000000AA /* Frameworks */ = {
			isa = PBXFrameworksBuildPhase;
			buildActionMask = 2147483647;
			files = (
			);
			runOnlyForDeploymentPostprocessing = 0;
		};
/* End PBXFrameworksBuildPhase section */

/* Begin PBXGroup section */
		BB00000100000000000000AA = {
			isa = PBXGroup;
			children = (
				F808FA282FEDAB0700C36F76 /* LyricsStore.swift */,
				BB00000300000000000000AA /* Indicator */,
				BB00000200000000000000AA /* Products */,
			);
			sourceTree = "<group>";
		};
		BB00000200000000000000AA /* Products */ = {
			isa = PBXGroup;
			children = (
				BB00001200000000000000AA /* Indicator.app */,
			);
			name = Products;
			sourceTree = "<group>";
		};
		BB00000300000000000000AA /* Indicator */ = {
			isa = PBXGroup;
			children = (
				BB00010100000000000000AA /* IndicatorApp.swift */,
				BB00010200000000000000AA /* AppDelegate.swift */,
				BB00010000000000000000AA /* Models.swift */,
				BB00010300000000000000AA /* MTCReceiver.swift */,
				BB00010400000000000000AA /* LogicPoller.swift */,
				BB00010500000000000000AA /* StateEngine.swift */,
				BB00010600000000000000AA /* WebServer.swift */,
				BB00010700000000000000AA /* SSEBroadcaster.swift */,
				BB00010800000000000000AA /* SettingsView.swift */,
				BB00010A00000000000000AA /* Assets.xcassets */,
				BB00000C00000000000000AA /* Resources */,
			);
			path = Indicator;
			sourceTree = "<group>";
		};
		BB00000C00000000000000AA /* Resources */ = {
			isa = PBXGroup;
			children = (
				BB00010B00000000000000AA /* index.html */,
				BB00010C00000000000000AA /* singer.html */,
			);
			path = Resources;
			sourceTree = "<group>";
		};
/* End PBXGroup section */

/* Begin PBXNativeTarget section */
		BB00001100000000000000AA /* Indicator */ = {
			isa = PBXNativeTarget;
			buildConfigurationList = BB00004100000000000000AA /* Build configuration list for PBXNativeTarget "Indicator" */;
			buildPhases = (
				BB00002000000000000000AA /* Sources */,
				BB00002100000000000000AA /* Frameworks */,
				BB00002200000000000000AA /* Resources */,
			);
			buildRules = (
			);
			dependencies = (
			);
			name = Indicator;
			packageProductDependencies = (
			);
			productName = Indicator;
			productReference = BB00001200000000000000AA /* Indicator.app */;
			productType = "com.apple.product-type.application";
		};
/* End PBXNativeTarget section */

/* Begin PBXProject section */
		BB00001000000000000000AA /* Project object */ = {
			isa = PBXProject;
			attributes = {
				BuildIndependentTargetsInParallel = 1;
				LastSwiftUpdateCheck = 2650;
				LastUpgradeCheck = 2650;
				TargetAttributes = {
					BB00001100000000000000AA = {
						CreatedOnToolsVersion = 26.5;
					};
				};
			};
			buildConfigurationList = BB00004000000000000000AA /* Build configuration list for PBXProject "Indicator" */;
			developmentRegion = en;
			hasScannedForEncodings = 0;
			knownRegions = (
				en,
				Base,
			);
			mainGroup = BB00000100000000000000AA;
			minimizedProjectReferenceProxies = 1;
			preferredProjectObjectVersion = 77;
			productRefGroup = BB00000200000000000000AA /* Products */;
			projectDirPath = "";
			projectRoot = "";
			targets = (
				BB00001100000000000000AA /* Indicator */,
			);
		};
/* End PBXProject section */

/* Begin PBXResourcesBuildPhase section */
		BB00002200000000000000AA /* Resources */ = {
			isa = PBXResourcesBuildPhase;
			buildActionMask = 2147483647;
			files = (
				BB00020A00000000000000AA /* Assets.xcassets in Resources */,
				BB00020B00000000000000AA /* index.html in Resources */,
				BB00020C00000000000000AA /* singer.html in Resources */,
			);
			runOnlyForDeploymentPostprocessing = 0;
		};
/* End PBXResourcesBuildPhase section */

/* Begin PBXSourcesBuildPhase section */
		BB00002000000000000000AA /* Sources */ = {
			isa = PBXSourcesBuildPhase;
			buildActionMask = 2147483647;
			files = (
				BB00020000000000000000AA /* Models.swift in Sources */,
				BB00020100000000000000AA /* IndicatorApp.swift in Sources */,
				BB00020200000000000000AA /* AppDelegate.swift in Sources */,
				BB00020300000000000000AA /* MTCReceiver.swift in Sources */,
				BB00020400000000000000AA /* LogicPoller.swift in Sources */,
				F808FA292FEDAB0700C36F76 /* LyricsStore.swift in Sources */,
				BB00020500000000000000AA /* StateEngine.swift in Sources */,
				BB00020600000000000000AA /* WebServer.swift in Sources */,
				BB00020700000000000000AA /* SSEBroadcaster.swift in Sources */,
				BB00020800000000000000AA /* SettingsView.swift in Sources */,
			);
			runOnlyForDeploymentPostprocessing = 0;
		};
/* End PBXSourcesBuildPhase section */

/* Begin XCBuildConfiguration section */
		BB00003000000000000000AA /* Debug */ = {
			isa = XCBuildConfiguration;
			buildSettings = {
				ALWAYS_SEARCH_USER_PATHS = NO;
				ASSETCATALOG_COMPILER_GENERATE_SWIFT_ASSET_SYMBOL_EXTENSIONS = YES;
				CLANG_ANALYZER_NONNULL = YES;
				CLANG_ANALYZER_NUMBER_OBJECT_CONVERSION = YES_AGGRESSIVE;
				CLANG_CXX_LANGUAGE_STANDARD = "gnu++20";
				CLANG_ENABLE_MODULES = YES;
				CLANG_ENABLE_OBJC_ARC = YES;
				CLANG_ENABLE_OBJC_WEAK = YES;
				CLANG_WARN_BLOCK_CAPTURE_AUTORELEASING = YES;
				CLANG_WARN_BOOL_CONVERSION = YES;
				CLANG_WARN_COMMA = YES;
				CLANG_WARN_CONSTANT_CONVERSION = YES;
				CLANG_WARN_DEPRECATED_OBJC_IMPLEMENTATIONS = YES;
				CLANG_WARN_DIRECT_OBJC_ISA_USAGE = YES_ERROR;
				CLANG_WARN_DOCUMENTATION_COMMENTS = YES;
				CLANG_WARN_EMPTY_BODY = YES;
				CLANG_WARN_ENUM_CONVERSION = YES;
				CLANG_WARN_INFINITE_RECURSION = YES;
				CLANG_WARN_INT_CONVERSION = YES;
				CLANG_WARN_NON_LITERAL_NULL_CONVERSION = YES;
				CLANG_WARN_OBJC_IMPLICIT_RETAIN_SELF = YES;
				CLANG_WARN_OBJC_LITERAL_CONVERSION = YES;
				CLANG_WARN_OBJC_ROOT_CLASS = YES_ERROR;
				CLANG_WARN_QUOTED_INCLUDE_IN_FRAMEWORK_HEADER = YES;
				CLANG_WARN_RANGE_LOOP_ANALYSIS = YES;
				CLANG_WARN_STRICT_PROTOTYPES = YES;
				CLANG_WARN_SUSPICIOUS_MOVE = YES;
				CLANG_WARN_UNGUARDED_AVAILABILITY = YES_AGGRESSIVE;
				CLANG_WARN_UNREACHABLE_CODE = YES;
				CLANG_WARN__DUPLICATE_METHOD_MATCH = YES;
				COPY_PHASE_STRIP = NO;
				DEBUG_INFORMATION_FORMAT = dwarf;
				ENABLE_STRICT_OBJC_MSGSEND = YES;
				ENABLE_TESTABILITY = YES;
				ENABLE_USER_SCRIPT_SANDBOXING = YES;
				GCC_C_LANGUAGE_STANDARD = gnu17;
				GCC_DYNAMIC_NO_PIC = NO;
				GCC_NO_COMMON_BLOCKS = YES;
				GCC_OPTIMIZATION_LEVEL = 0;
				GCC_PREPROCESSOR_DEFINITIONS = (
					"DEBUG=1",
					"$(inherited)",
				);
				GCC_WARN_64_TO_32_BIT_CONVERSION = YES;
				GCC_WARN_ABOUT_RETURN_TYPE = YES_ERROR;
				GCC_WARN_UNDECLARED_SELECTOR = YES;
				GCC_WARN_UNINITIALIZED_AUTOS = YES_AGGRESSIVE;
				GCC_WARN_UNUSED_FUNCTION = YES;
				GCC_WARN_UNUSED_VARIABLE = YES;
				LOCALIZATION_PREFERS_STRING_CATALOGS = YES;
				MACOSX_DEPLOYMENT_TARGET = 14.0;
				MTL_ENABLE_DEBUG_INFO = INCLUDE_SOURCE;
				MTL_FAST_MATH = YES;
				ONLY_ACTIVE_ARCH = YES;
				SDKROOT = macosx;
				SWIFT_ACTIVE_COMPILATION_CONDITIONS = "DEBUG $(inherited)";
				SWIFT_OPTIMIZATION_LEVEL = "-Onone";
			};
			name = Debug;
		};
		BB00003100000000000000AA /* Release */ = {
			isa = XCBuildConfiguration;
			buildSettings = {
				ALWAYS_SEARCH_USER_PATHS = NO;
				ASSETCATALOG_COMPILER_GENERATE_SWIFT_ASSET_SYMBOL_EXTENSIONS = YES;
				CLANG_ANALYZER_NONNULL = YES;
				CLANG_CXX_LANGUAGE_STANDARD = "gnu++20";
				CLANG_ENABLE_MODULES = YES;
				CLANG_ENABLE_OBJC_ARC = YES;
				CLANG_ENABLE_OBJC_WEAK = YES;
				CLANG_WARN_BLOCK_CAPTURE_AUTORELEASING = YES;
				CLANG_WARN_BOOL_CONVERSION = YES;
				CLANG_WARN_COMMA = YES;
				CLANG_WARN_CONSTANT_CONVERSION = YES;
				CLANG_WARN_DEPRECATED_OBJC_IMPLEMENTATIONS = YES;
				CLANG_WARN_DIRECT_OBJC_ISA_USAGE = YES_ERROR;
				CLANG_WARN_DOCUMENTATION_COMMENTS = YES;
				CLANG_WARN_EMPTY_BODY = YES;
				CLANG_WARN_ENUM_CONVERSION = YES;
				CLANG_WARN_INFINITE_RECURSION = YES;
				CLANG_WARN_INT_CONVERSION = YES;
				CLANG_WARN_NON_LITERAL_NULL_CONVERSION = YES;
				CLANG_WARN_OBJC_IMPLICIT_RETAIN_SELF = YES;
				CLANG_WARN_OBJC_LITERAL_CONVERSION = YES;
				CLANG_WARN_OBJC_ROOT_CLASS = YES_ERROR;
				CLANG_WARN_QUOTED_INCLUDE_IN_FRAMEWORK_HEADER = YES;
				CLANG_WARN_RANGE_LOOP_ANALYSIS = YES;
				CLANG_WARN_STRICT_PROTOTYPES = YES;
				CLANG_WARN_SUSPICIOUS_MOVE = YES;
				CLANG_WARN_UNGUARDED_AVAILABILITY = YES_AGGRESSIVE;
				CLANG_WARN_UNREACHABLE_CODE = YES;
				CLANG_WARN__DUPLICATE_METHOD_MATCH = YES;
				COPY_PHASE_STRIP = NO;
				DEBUG_INFORMATION_FORMAT = "dwarf-with-dsym";
				ENABLE_NS_ASSERTIONS = NO;
				ENABLE_STRICT_OBJC_MSGSEND = YES;
				ENABLE_USER_SCRIPT_SANDBOXING = YES;
				GCC_C_LANGUAGE_STANDARD = gnu17;
				GCC_NO_COMMON_BLOCKS = YES;
				GCC_WARN_64_TO_32_BIT_CONVERSION = YES;
				GCC_WARN_ABOUT_RETURN_TYPE = YES_ERROR;
				GCC_WARN_UNDECLARED_SELECTOR = YES;
				GCC_WARN_UNINITIALIZED_AUTOS = YES_AGGRESSIVE;
				GCC_WARN_UNUSED_FUNCTION = YES;
				GCC_WARN_UNUSED_VARIABLE = YES;
				LOCALIZATION_PREFERS_STRING_CATALOGS = YES;
				MACOSX_DEPLOYMENT_TARGET = 14.0;
				MTL_ENABLE_DEBUG_INFO = NO;
				MTL_FAST_MATH = YES;
				SDKROOT = macosx;
				SWIFT_COMPILATION_MODE = wholemodule;
			};
			name = Release;
		};
		BB00003200000000000000AA /* Debug */ = {
			isa = XCBuildConfiguration;
			buildSettings = {
				ASSETCATALOG_COMPILER_APPICON_NAME = AppIcon;
				ASSETCATALOG_COMPILER_GLOBAL_ACCENT_COLOR_NAME = AccentColor;
				CODE_SIGN_STYLE = Automatic;
				COMBINE_HIDPI_IMAGES = YES;
				CURRENT_PROJECT_VERSION = 1;
				ENABLE_APP_SANDBOX = NO;
				ENABLE_PREVIEWS = YES;
				GENERATE_INFOPLIST_FILE = YES;
				INFOPLIST_KEY_CFBundleDisplayName = Indicator;
				INFOPLIST_KEY_LSUIElement = YES;
				INFOPLIST_KEY_NSAccessibilityUsageDescription = "Logic Pro의 마커 및 재생 위치 정보를 읽기 위해 접근성 권한이 필요합니다.";
				INFOPLIST_KEY_NSHumanReadableCopyright = "";
				LD_RUNPATH_SEARCH_PATHS = (
					"$(inherited)",
					"@executable_path/../Frameworks",
				);
				MARKETING_VERSION = 1.0;
				PRODUCT_BUNDLE_IDENTIFIER = HanHee.Indicator;
				PRODUCT_NAME = "$(TARGET_NAME)";
				STRING_CATALOG_GENERATE_SYMBOLS = YES;
				SWIFT_APPROACHABLE_CONCURRENCY = YES;
				SWIFT_DEFAULT_ACTOR_ISOLATION = MainActor;
				SWIFT_EMIT_LOC_STRINGS = YES;
				SWIFT_UPCOMING_FEATURE_MEMBER_IMPORT_VISIBILITY = YES;
				SWIFT_VERSION = 5.0;
			};
			name = Debug;
		};
		BB00003300000000000000AA /* Release */ = {
			isa = XCBuildConfiguration;
			buildSettings = {
				ASSETCATALOG_COMPILER_APPICON_NAME = AppIcon;
				ASSETCATALOG_COMPILER_GLOBAL_ACCENT_COLOR_NAME = AccentColor;
				CODE_SIGN_STYLE = Automatic;
				COMBINE_HIDPI_IMAGES = YES;
				CURRENT_PROJECT_VERSION = 1;
				ENABLE_APP_SANDBOX = NO;
				ENABLE_PREVIEWS = YES;
				GENERATE_INFOPLIST_FILE = YES;
				INFOPLIST_KEY_CFBundleDisplayName = Indicator;
				INFOPLIST_KEY_LSUIElement = YES;
				INFOPLIST_KEY_NSAccessibilityUsageDescription = "Logic Pro의 마커 및 재생 위치 정보를 읽기 위해 접근성 권한이 필요합니다.";
				INFOPLIST_KEY_NSHumanReadableCopyright = "";
				LD_RUNPATH_SEARCH_PATHS = (
					"$(inherited)",
					"@executable_path/../Frameworks",
				);
				MARKETING_VERSION = 1.0;
				PRODUCT_BUNDLE_IDENTIFIER = HanHee.Indicator;
				PRODUCT_NAME = "$(TARGET_NAME)";
				STRING_CATALOG_GENERATE_SYMBOLS = YES;
				SWIFT_APPROACHABLE_CONCURRENCY = YES;
				SWIFT_DEFAULT_ACTOR_ISOLATION = MainActor;
				SWIFT_EMIT_LOC_STRINGS = YES;
				SWIFT_UPCOMING_FEATURE_MEMBER_IMPORT_VISIBILITY = YES;
				SWIFT_VERSION = 5.0;
			};
			name = Release;
		};
/* End XCBuildConfiguration section */

/* Begin XCConfigurationList section */
		BB00004000000000000000AA /* Build configuration list for PBXProject "Indicator" */ = {
			isa = XCConfigurationList;
			buildConfigurations = (
				BB00003000000000000000AA /* Debug */,
				BB00003100000000000000AA /* Release */,
			);
			defaultConfigurationIsVisible = 0;
			defaultConfigurationName = Release;
		};
		BB00004100000000000000AA /* Build configuration list for PBXNativeTarget "Indicator" */ = {
			isa = XCConfigurationList;
			buildConfigurations = (
				BB00003200000000000000AA /* Debug */,
				BB00003300000000000000AA /* Release */,
			);
			defaultConfigurationIsVisible = 0;
			defaultConfigurationName = Release;
		};
/* End XCConfigurationList section */
	};
	rootObject = BB00001000000000000000AA /* Project object */;
}
